// !$*UTF8*$!
{
	archiveVersion = 1;
	classes = {
	};
	objectVersion = 56;
	objects = {

/* Begin PBXBuildFile section */
		221198702AF122CE005FDCA7 /* TimerView.swift in Sources */ = {isa = PBXBuildFile; fileRef = 2211986F2AF122CE005FDCA7 /* TimerView.swift */; };
		221198722AF21415005FDCA7 /* PracticeQuestionView.swift in Sources */ = {isa = PBXBuildFile; fileRef = 221198712AF21415005FDCA7 /* PracticeQuestionView.swift */; };
		221198742AF22E06005FDCA7 /* PostQuizScreen.swift in Sources */ = {isa = PBXBuildFile; fileRef = 221198732AF22E06005FDCA7 /* PostQuizScreen.swift */; };
		8FB198AE2ADC015E008695A0 /* CategorySelector.swift in Sources */ = {isa = PBXBuildFile; fileRef = 8FB198AD2ADC015E008695A0 /* CategorySelector.swift */; };
		8FB198B32ADC2587008695A0 /* FirebaseAuth in Frameworks */ = {isa = PBXBuildFile; productRef = 8FB198B22ADC2587008695A0 /* FirebaseAuth */; };
		8FB198B52ADC2656008695A0 /* FirebaseFirestore in Frameworks */ = {isa = PBXBuildFile; productRef = 8FB198B42ADC2656008695A0 /* FirebaseFirestore */; };
		8FB198B72ADC2656008695A0 /* FirebaseFirestoreSwift in Frameworks */ = {isa = PBXBuildFile; productRef = 8FB198B62ADC2656008695A0 /* FirebaseFirestoreSwift */; };
		8FB198BA2ADC2890008695A0 /* GoogleSignIn in Frameworks */ = {isa = PBXBuildFile; productRef = 8FB198B92ADC2890008695A0 /* GoogleSignIn */; };
		8FB198BC2ADC2890008695A0 /* GoogleSignInSwift in Frameworks */ = {isa = PBXBuildFile; productRef = 8FB198BB2ADC2890008695A0 /* GoogleSignInSwift */; };
		8FB198C02ADC3AA5008695A0 /* AuthenticationViewModel.swift in Sources */ = {isa = PBXBuildFile; fileRef = 8FB198BF2ADC3AA5008695A0 /* AuthenticationViewModel.swift */; };
		8FB198C22ADC3B8B008695A0 /* AuthenticationView.swift in Sources */ = {isa = PBXBuildFile; fileRef = 8FB198C12ADC3B8B008695A0 /* AuthenticationView.swift */; };
		8FB198C52ADC3C24008695A0 /* LoginView.swift in Sources */ = {isa = PBXBuildFile; fileRef = 8FB198C42ADC3C24008695A0 /* LoginView.swift */; };
		8FB198C72ADC3C4F008695A0 /* SignupView.swift in Sources */ = {isa = PBXBuildFile; fileRef = 8FB198C62ADC3C4F008695A0 /* SignupView.swift */; };
		8FB198C92ADC3C74008695A0 /* UserProfileView.swift in Sources */ = {isa = PBXBuildFile; fileRef = 8FB198C82ADC3C74008695A0 /* UserProfileView.swift */; };
		8FB198CB2ADC3CE1008695A0 /* FirebaseAuthCombine-Community in Frameworks */ = {isa = PBXBuildFile; productRef = 8FB198CA2ADC3CE1008695A0 /* FirebaseAuthCombine-Community */; };
		8FB198CD2ADC3CE1008695A0 /* FirebaseFirestoreCombine-Community in Frameworks */ = {isa = PBXBuildFile; productRef = 8FB198CC2ADC3CE1008695A0 /* FirebaseFirestoreCombine-Community */; };
		8FB198CF2ADC3CE1008695A0 /* FirebaseFunctionsCombine-Community in Frameworks */ = {isa = PBXBuildFile; productRef = 8FB198CE2ADC3CE1008695A0 /* FirebaseFunctionsCombine-Community */; };
		8FB198D12ADC3D6B008695A0 /* AuthenticatedView.swift in Sources */ = {isa = PBXBuildFile; fileRef = 8FB198D02ADC3D6B008695A0 /* AuthenticatedView.swift */; };
		8FB198D32ADC3DC1008695A0 /* UIApplication+RootViewController.swift in Sources */ = {isa = PBXBuildFile; fileRef = 8FB198D22ADC3DC1008695A0 /* UIApplication+RootViewController.swift */; };
		8FE15D192ADCAED200C11B36 /* QuizView.swift in Sources */ = {isa = PBXBuildFile; fileRef = 8FE15D142ADCAB9B00C11B36 /* QuizView.swift */; };
		8FE15D1B2ADCB1F200C11B36 /* Answer.swift in Sources */ = {isa = PBXBuildFile; fileRef = 8FE15D1A2ADCB1F200C11B36 /* Answer.swift */; };
		8FE15D1D2ADCB1F600C11B36 /* AnswerRow.swift in Sources */ = {isa = PBXBuildFile; fileRef = 8FE15D1C2ADCB1F600C11B36 /* AnswerRow.swift */; };
		8FE15D1F2ADCB1FF00C11B36 /* AnswerButtonView.swift in Sources */ = {isa = PBXBuildFile; fileRef = 8FE15D1E2ADCB1FF00C11B36 /* AnswerButtonView.swift */; };
		8FE15D212ADCB20B00C11B36 /* LaunchQuestionsView.swift in Sources */ = {isa = PBXBuildFile; fileRef = 8FE15D202ADCB20B00C11B36 /* LaunchQuestionsView.swift */; };
		8FE15D232ADCB20E00C11B36 /* Quiz.swift in Sources */ = {isa = PBXBuildFile; fileRef = 8FE15D222ADCB20E00C11B36 /* Quiz.swift */; };
		8FE15D252ADCB21500C11B36 /* PrimaryButton.swift in Sources */ = {isa = PBXBuildFile; fileRef = 8FE15D242ADCB21500C11B36 /* PrimaryButton.swift */; };
		8FE15D272ADCB21700C11B36 /* ProgressBar.swift in Sources */ = {isa = PBXBuildFile; fileRef = 8FE15D262ADCB21700C11B36 /* ProgressBar.swift */; };
		8FE15D2C2ADCBD4300C11B36 /* AnswerInit.swift in Sources */ = {isa = PBXBuildFile; fileRef = 8FE15D2B2ADCBD4300C11B36 /* AnswerInit.swift */; };
		8FE15D2E2ADCBD8100C11B36 /* InitiQuesView.swift in Sources */ = {isa = PBXBuildFile; fileRef = 8FE15D2D2ADCBD8100C11B36 /* InitiQuesView.swift */; };
		8FE15D302ADCBDA100C11B36 /* OnboardingView.swift in Sources */ = {isa = PBXBuildFile; fileRef = 8FE15D2F2ADCBDA100C11B36 /* OnboardingView.swift */; };
		8FE15D322ADCE3BA00C11B36 /* Extensions.swift in Sources */ = {isa = PBXBuildFile; fileRef = 8FE15D312ADCE3BA00C11B36 /* Extensions.swift */; };
		8FE15D342ADCE3C500C11B36 /* QuizManager.swift in Sources */ = {isa = PBXBuildFile; fileRef = 8FE15D332ADCE3C500C11B36 /* QuizManager.swift */; };
		8FF245E52ADB810F009B8952 /* ogreApp.swift in Sources */ = {isa = PBXBuildFile; fileRef = 8FF245E42ADB810F009B8952 /* ogreApp.swift */; };
		8FF245E72ADB810F009B8952 /* MainMenuView.swift in Sources */ = {isa = PBXBuildFile; fileRef = 8FF245E62ADB810F009B8952 /* MainMenuView.swift */; };
		8FF245E92ADB8111009B8952 /* Assets.xcassets in Resources */ = {isa = PBXBuildFile; fileRef = 8FF245E82ADB8111009B8952 /* Assets.xcassets */; };
		8FF245EC2ADB8111009B8952 /* Preview Assets.xcassets in Resources */ = {isa = PBXBuildFile; fileRef = 8FF245EB2ADB8111009B8952 /* Preview Assets.xcassets */; };
		8FF245F42ADB83CB009B8952 /* FirebaseAnalytics in Frameworks */ = {isa = PBXBuildFile; productRef = 8FF245F32ADB83CB009B8952 /* FirebaseAnalytics */; };
		8FF245F82ADB83CB009B8952 /* FirebaseAnalyticsSwift in Frameworks */ = {isa = PBXBuildFile; productRef = 8FF245F72ADB83CB009B8952 /* FirebaseAnalyticsSwift */; };
		8FF246062ADB83CB009B8952 /* FirebaseDatabase in Frameworks */ = {isa = PBXBuildFile; productRef = 8FF246052ADB83CB009B8952 /* FirebaseDatabase */; };
		8FF246082ADB83CB009B8952 /* FirebaseDatabaseSwift in Frameworks */ = {isa = PBXBuildFile; productRef = 8FF246072ADB83CB009B8952 /* FirebaseDatabaseSwift */; };
		8FF2462C2ADB84B9009B8952 /* LeaderboardView.swift in Sources */ = {isa = PBXBuildFile; fileRef = 8FF2462B2ADB84B9009B8952 /* LeaderboardView.swift */; };
		8FF2462E2ADB84C8009B8952 /* ProfileView.swift in Sources */ = {isa = PBXBuildFile; fileRef = 8FF2462D2ADB84C8009B8952 /* ProfileView.swift */; };
		8FF246302ADB84D4009B8952 /* QuestionView.swift in Sources */ = {isa = PBXBuildFile; fileRef = 8FF2462F2ADB84D4009B8952 /* QuestionView.swift */; };
		8FF246342ADB8503009B8952 /* PagingSlider.swift in Sources */ = {isa = PBXBuildFile; fileRef = 8FF246332ADB8503009B8952 /* PagingSlider.swift */; };
		8FF246362ADB8511009B8952 /* TabBar.swift in Sources */ = {isa = PBXBuildFile; fileRef = 8FF246352ADB8511009B8952 /* TabBar.swift */; };
		8FF246382ADB8526009B8952 /* AnswerButton.swift in Sources */ = {isa = PBXBuildFile; fileRef = 8FF246372ADB8526009B8952 /* AnswerButton.swift */; };
		8FF2463A2ADB8536009B8952 /* QuestionData.swift in Sources */ = {isa = PBXBuildFile; fileRef = 8FF246392ADB8536009B8952 /* QuestionData.swift */; };
		BC4464FC2AF843E7002D4477 /* GoogleService-Info.plist in Resources */ = {isa = PBXBuildFile; fileRef = BC4464FB2AF843E7002D4477 /* GoogleService-Info.plist */; };
		BC79630C2AF70754002FDEC0 /* Sounds.swift in Sources */ = {isa = PBXBuildFile; fileRef = BC79630B2AF70754002FDEC0 /* Sounds.swift */; };
		BC7963112AF71131002FDEC0 /* corrrect.mp3 in Resources */ = {isa = PBXBuildFile; fileRef = BC79630E2AF71131002FDEC0 /* corrrect.mp3 */; };
		BC7963122AF71131002FDEC0 /* incorrect.mp3 in Resources */ = {isa = PBXBuildFile; fileRef = BC79630F2AF71131002FDEC0 /* incorrect.mp3 */; };
		BC7963132AF71131002FDEC0 /* quizEnd.mp3 in Resources */ = {isa = PBXBuildFile; fileRef = BC7963102AF71131002FDEC0 /* quizEnd.mp3 */; };
		BC7963152AF71B3B002FDEC0 /* timer.mp3 in Resources */ = {isa = PBXBuildFile; fileRef = BC7963142AF71B3B002FDEC0 /* timer.mp3 */; };
		BC7963172AF71C7B002FDEC0 /* timeEnding.mp3 in Resources */ = {isa = PBXBuildFile; fileRef = BC7963162AF71C7B002FDEC0 /* timeEnding.mp3 */; };
/* End PBXBuildFile section */

/* Begin PBXFileReference section */
		2211986F2AF122CE005FDCA7 /* TimerView.swift */ = {isa = PBXFileReference; lastKnownFileType = sourcecode.swift; path = TimerView.swift; sourceTree = "<group>"; };
		221198712AF21415005FDCA7 /* PracticeQuestionView.swift */ = {isa = PBXFileReference; lastKnownFileType = sourcecode.swift; path = PracticeQuestionView.swift; sourceTree = "<group>"; };
		221198732AF22E06005FDCA7 /* PostQuizScreen.swift */ = {isa = PBXFileReference; lastKnownFileType = sourcecode.swift; path = PostQuizScreen.swift; sourceTree = "<group>"; };
		8FB198A92ADB9820008695A0 /* Optima.ttc */ = {isa = PBXFileReference; lastKnownFileType = file; path = Optima.ttc; sourceTree = "<group>"; };
		8FB198AA2ADB9889008695A0 /* Info.plist */ = {isa = PBXFileReference; lastKnownFileType = text.plist; path = Info.plist; sourceTree = "<group>"; };
		8FB198AD2ADC015E008695A0 /* CategorySelector.swift */ = {isa = PBXFileReference; lastKnownFileType = sourcecode.swift; path = CategorySelector.swift; sourceTree = "<group>"; };
		8FB198BF2ADC3AA5008695A0 /* AuthenticationViewModel.swift */ = {isa = PBXFileReference; lastKnownFileType = sourcecode.swift; path = AuthenticationViewModel.swift; sourceTree = "<group>"; };
		8FB198C12ADC3B8B008695A0 /* AuthenticationView.swift */ = {isa = PBXFileReference; lastKnownFileType = sourcecode.swift; path = AuthenticationView.swift; sourceTree = "<group>"; };
		8FB198C42ADC3C24008695A0 /* LoginView.swift */ = {isa = PBXFileReference; lastKnownFileType = sourcecode.swift; path = LoginView.swift; sourceTree = "<group>"; };
		8FB198C62ADC3C4F008695A0 /* SignupView.swift */ = {isa = PBXFileReference; lastKnownFileType = sourcecode.swift; path = SignupView.swift; sourceTree = "<group>"; };
		8FB198C82ADC3C74008695A0 /* UserProfileView.swift */ = {isa = PBXFileReference; lastKnownFileType = sourcecode.swift; path = UserProfileView.swift; sourceTree = "<group>"; };
		8FB198D02ADC3D6B008695A0 /* AuthenticatedView.swift */ = {isa = PBXFileReference; lastKnownFileType = sourcecode.swift; path = AuthenticatedView.swift; sourceTree = "<group>"; };
		8FB198D22ADC3DC1008695A0 /* UIApplication+RootViewController.swift */ = {isa = PBXFileReference; lastKnownFileType = sourcecode.swift; path = "UIApplication+RootViewController.swift"; sourceTree = "<group>"; };
		8FE15D142ADCAB9B00C11B36 /* QuizView.swift */ = {isa = PBXFileReference; lastKnownFileType = sourcecode.swift; path = QuizView.swift; sourceTree = "<group>"; };
		8FE15D1A2ADCB1F200C11B36 /* Answer.swift */ = {isa = PBXFileReference; lastKnownFileType = sourcecode.swift; path = Answer.swift; sourceTree = "<group>"; };
		8FE15D1C2ADCB1F600C11B36 /* AnswerRow.swift */ = {isa = PBXFileReference; lastKnownFileType = sourcecode.swift; path = AnswerRow.swift; sourceTree = "<group>"; };
		8FE15D1E2ADCB1FF00C11B36 /* AnswerButtonView.swift */ = {isa = PBXFileReference; lastKnownFileType = sourcecode.swift; path = AnswerButtonView.swift; sourceTree = "<group>"; };
		8FE15D202ADCB20B00C11B36 /* LaunchQuestionsView.swift */ = {isa = PBXFileReference; lastKnownFileType = sourcecode.swift; path = LaunchQuestionsView.swift; sourceTree = "<group>"; };
		8FE15D222ADCB20E00C11B36 /* Quiz.swift */ = {isa = PBXFileReference; lastKnownFileType = sourcecode.swift; path = Quiz.swift; sourceTree = "<group>"; };
		8FE15D242ADCB21500C11B36 /* PrimaryButton.swift */ = {isa = PBXFileReference; lastKnownFileType = sourcecode.swift; path = PrimaryButton.swift; sourceTree = "<group>"; };
		8FE15D262ADCB21700C11B36 /* ProgressBar.swift */ = {isa = PBXFileReference; lastKnownFileType = sourcecode.swift; path = ProgressBar.swift; sourceTree = "<group>"; };
		8FE15D2B2ADCBD4300C11B36 /* AnswerInit.swift */ = {isa = PBXFileReference; lastKnownFileType = sourcecode.swift; path = AnswerInit.swift; sourceTree = "<group>"; };
		8FE15D2D2ADCBD8100C11B36 /* InitiQuesView.swift */ = {isa = PBXFileReference; fileEncoding = 4; lastKnownFileType = sourcecode.swift; path = InitiQuesView.swift; sourceTree = "<group>"; };
		8FE15D2F2ADCBDA100C11B36 /* OnboardingView.swift */ = {isa = PBXFileReference; fileEncoding = 4; lastKnownFileType = sourcecode.swift; path = OnboardingView.swift; sourceTree = "<group>"; };
		8FE15D312ADCE3BA00C11B36 /* Extensions.swift */ = {isa = PBXFileReference; lastKnownFileType = sourcecode.swift; path = Extensions.swift; sourceTree = "<group>"; };
		8FE15D332ADCE3C500C11B36 /* QuizManager.swift */ = {isa = PBXFileReference; lastKnownFileType = sourcecode.swift; path = QuizManager.swift; sourceTree = "<group>"; };
		8FF245E12ADB810F009B8952 /* ogre.app */ = {isa = PBXFileReference; explicitFileType = wrapper.application; includeInIndex = 0; path = ogre.app; sourceTree = BUILT_PRODUCTS_DIR; };
		8FF245E42ADB810F009B8952 /* ogreApp.swift */ = {isa = PBXFileReference; lastKnownFileType = sourcecode.swift; path = ogreApp.swift; sourceTree = "<group>"; };
		8FF245E62ADB810F009B8952 /* MainMenuView.swift */ = {isa = PBXFileReference; lastKnownFileType = sourcecode.swift; path = MainMenuView.swift; sourceTree = "<group>"; };
		8FF245E82ADB8111009B8952 /* Assets.xcassets */ = {isa = PBXFileReference; lastKnownFileType = folder.assetcatalog; path = Assets.xcassets; sourceTree = "<group>"; };
		8FF245EB2ADB8111009B8952 /* Preview Assets.xcassets */ = {isa = PBXFileReference; lastKnownFileType = folder.assetcatalog; path = "Preview Assets.xcassets"; sourceTree = "<group>"; };
		8FF2462B2ADB84B9009B8952 /* LeaderboardView.swift */ = {isa = PBXFileReference; lastKnownFileType = sourcecode.swift; path = LeaderboardView.swift; sourceTree = "<group>"; };
		8FF2462D2ADB84C8009B8952 /* ProfileView.swift */ = {isa = PBXFileReference; lastKnownFileType = sourcecode.swift; path = ProfileView.swift; sourceTree = "<group>"; };
		8FF2462F2ADB84D4009B8952 /* QuestionView.swift */ = {isa = PBXFileReference; lastKnownFileType = sourcecode.swift; path = QuestionView.swift; sourceTree = "<group>"; };
		8FF246332ADB8503009B8952 /* PagingSlider.swift */ = {isa = PBXFileReference; lastKnownFileType = sourcecode.swift; path = PagingSlider.swift; sourceTree = "<group>"; };
		8FF246352ADB8511009B8952 /* TabBar.swift */ = {isa = PBXFileReference; lastKnownFileType = sourcecode.swift; path = TabBar.swift; sourceTree = "<group>"; };
		8FF246372ADB8526009B8952 /* AnswerButton.swift */ = {isa = PBXFileReference; lastKnownFileType = sourcecode.swift; path = AnswerButton.swift; sourceTree = "<group>"; };
		8FF246392ADB8536009B8952 /* QuestionData.swift */ = {isa = PBXFileReference; lastKnownFileType = sourcecode.swift; path = QuestionData.swift; sourceTree = "<group>"; };
		BC4464FB2AF843E7002D4477 /* GoogleService-Info.plist */ = {isa = PBXFileReference; lastKnownFileType = text.plist; path = "GoogleService-Info.plist"; sourceTree = SOURCE_ROOT; };
		BC79630B2AF70754002FDEC0 /* Sounds.swift */ = {isa = PBXFileReference; lastKnownFileType = sourcecode.swift; path = Sounds.swift; sourceTree = "<group>"; };
		BC79630E2AF71131002FDEC0 /* corrrect.mp3 */ = {isa = PBXFileReference; lastKnownFileType = audio.mp3; path = corrrect.mp3; sourceTree = "<group>"; };
		BC79630F2AF71131002FDEC0 /* incorrect.mp3 */ = {isa = PBXFileReference; lastKnownFileType = audio.mp3; path = incorrect.mp3; sourceTree = "<group>"; };
		BC7963102AF71131002FDEC0 /* quizEnd.mp3 */ = {isa = PBXFileReference; lastKnownFileType = audio.mp3; path = quizEnd.mp3; sourceTree = "<group>"; };
		BC7963142AF71B3B002FDEC0 /* timer.mp3 */ = {isa = PBXFileReference; lastKnownFileType = audio.mp3; path = timer.mp3; sourceTree = "<group>"; };
		BC7963162AF71C7B002FDEC0 /* timeEnding.mp3 */ = {isa = PBXFileReference; lastKnownFileType = audio.mp3; path = timeEnding.mp3; sourceTree = "<group>"; };
/* End PBXFileReference section */

/* Begin PBXFrameworksBuildPhase section */
		8FF245DE2ADB810F009B8952 /* Frameworks */ = {
			isa = PBXFrameworksBuildPhase;
			buildActionMask = 2147483647;
			files = (
				8FB198BC2ADC2890008695A0 /* GoogleSignInSwift in Frameworks */,
				8FF246062ADB83CB009B8952 /* FirebaseDatabase in Frameworks */,
				8FB198BA2ADC2890008695A0 /* GoogleSignIn in Frameworks */,
				8FB198B32ADC2587008695A0 /* FirebaseAuth in Frameworks */,
				8FF245F82ADB83CB009B8952 /* FirebaseAnalyticsSwift in Frameworks */,
				8FB198CD2ADC3CE1008695A0 /* FirebaseFirestoreCombine-Community in Frameworks */,
				8FB198B72ADC2656008695A0 /* FirebaseFirestoreSwift in Frameworks */,
				8FF245F42ADB83CB009B8952 /* FirebaseAnalytics in Frameworks */,
				8FF246082ADB83CB009B8952 /* FirebaseDatabaseSwift in Frameworks */,
				8FB198B52ADC2656008695A0 /* FirebaseFirestore in Frameworks */,
				8FB198CB2ADC3CE1008695A0 /* FirebaseAuthCombine-Community in Frameworks */,
				8FB198CF2ADC3CE1008695A0 /* FirebaseFunctionsCombine-Community in Frameworks */,
			);
			runOnlyForDeploymentPostprocessing = 0;
		};
/* End PBXFrameworksBuildPhase section */

/* Begin PBXGroup section */
		8FB198A62ADB9797008695A0 /* Resources */ = {
			isa = PBXGroup;
			children = (
				BC79630D2AF710CF002FDEC0 /* soundAssets */,
				8FB198A92ADB9820008695A0 /* Optima.ttc */,
			);
			path = Resources;
			sourceTree = "<group>";
		};
		8FB198B12ADC2587008695A0 /* Frameworks */ = {
			isa = PBXGroup;
			children = (
			);
			name = Frameworks;
			sourceTree = "<group>";
		};
		8FB198C32ADC3BDE008695A0 /* Google Auth Test */ = {
			isa = PBXGroup;
			children = (
				8FB198BF2ADC3AA5008695A0 /* AuthenticationViewModel.swift */,
				8FB198C12ADC3B8B008695A0 /* AuthenticationView.swift */,
				8FB198D02ADC3D6B008695A0 /* AuthenticatedView.swift */,
				8FB198C42ADC3C24008695A0 /* LoginView.swift */,
				8FB198C62ADC3C4F008695A0 /* SignupView.swift */,
				8FB198C82ADC3C74008695A0 /* UserProfileView.swift */,
				8FB198D22ADC3DC1008695A0 /* UIApplication+RootViewController.swift */,
			);
			path = "Google Auth Test";
			sourceTree = "<group>";
		};
		8FE15D132ADCAB8D00C11B36 /* Views */ = {
			isa = PBXGroup;
			children = (
				8FF245E62ADB810F009B8952 /* MainMenuView.swift */,
				8FF2462B2ADB84B9009B8952 /* LeaderboardView.swift */,
				8FF2462D2ADB84C8009B8952 /* ProfileView.swift */,
				8FE15D142ADCAB9B00C11B36 /* QuizView.swift */,
				8FF2462F2ADB84D4009B8952 /* QuestionView.swift */,
				2211986F2AF122CE005FDCA7 /* TimerView.swift */,
				221198712AF21415005FDCA7 /* PracticeQuestionView.swift */,
				221198732AF22E06005FDCA7 /* PostQuizScreen.swift */,
			);
			path = Views;
			sourceTree = "<group>";
		};
		8FE15D282ADCB23300C11B36 /* Elements */ = {
			isa = PBXGroup;
			children = (
				8FE15D1A2ADCB1F200C11B36 /* Answer.swift */,
				8FE15D1C2ADCB1F600C11B36 /* AnswerRow.swift */,
				8FF246372ADB8526009B8952 /* AnswerButton.swift */,
				8FE15D1E2ADCB1FF00C11B36 /* AnswerButtonView.swift */,
				8FE15D2B2ADCBD4300C11B36 /* AnswerInit.swift */,
				8FB198AD2ADC015E008695A0 /* CategorySelector.swift */,
				8FE15D202ADCB20B00C11B36 /* LaunchQuestionsView.swift */,
				8FE15D222ADCB20E00C11B36 /* Quiz.swift */,
				8FF246332ADB8503009B8952 /* PagingSlider.swift */,
				8FE15D242ADCB21500C11B36 /* PrimaryButton.swift */,
				8FE15D262ADCB21700C11B36 /* ProgressBar.swift */,
				8FF246352ADB8511009B8952 /* TabBar.swift */,
				BC79630B2AF70754002FDEC0 /* Sounds.swift */,
			);
			path = Elements;
			sourceTree = "<group>";
		};
		8FF245D82ADB810F009B8952 = {
			isa = PBXGroup;
			children = (
				8FF245E32ADB810F009B8952 /* ogre */,
				8FF245E22ADB810F009B8952 /* Products */,
				8FB198B12ADC2587008695A0 /* Frameworks */,
			);
			sourceTree = "<group>";
		};
		8FF245E22ADB810F009B8952 /* Products */ = {
			isa = PBXGroup;
			children = (
				8FF245E12ADB810F009B8952 /* ogre.app */,
			);
			name = Products;
			sourceTree = "<group>";
		};
		8FF245E32ADB810F009B8952 /* ogre */ = {
			isa = PBXGroup;
			children = (
				BC4464FB2AF843E7002D4477 /* GoogleService-Info.plist */,
				8FB198C32ADC3BDE008695A0 /* Google Auth Test */,
				8FB198AA2ADB9889008695A0 /* Info.plist */,
				8FF245E42ADB810F009B8952 /* ogreApp.swift */,
				8FE15D312ADCE3BA00C11B36 /* Extensions.swift */,
				8FE15D2D2ADCBD8100C11B36 /* InitiQuesView.swift */,
				8FE15D2F2ADCBDA100C11B36 /* OnboardingView.swift */,
				8FE15D332ADCE3C500C11B36 /* QuizManager.swift */,
				8FE15D132ADCAB8D00C11B36 /* Views */,
				8FE15D282ADCB23300C11B36 /* Elements */,
				8FF246322ADB84E9009B8952 /* Data */,
				8FB198A62ADB9797008695A0 /* Resources */,
				8FF245E82ADB8111009B8952 /* Assets.xcassets */,
				8FF245EA2ADB8111009B8952 /* Preview Content */,
			);
			path = ogre;
			sourceTree = "<group>";
		};
		8FF245EA2ADB8111009B8952 /* Preview Content */ = {
			isa = PBXGroup;
			children = (
				8FF245EB2ADB8111009B8952 /* Preview Assets.xcassets */,
			);
			path = "Preview Content";
			sourceTree = "<group>";
		};
		8FF246322ADB84E9009B8952 /* Data */ = {
			isa = PBXGroup;
			children = (
				8FF246392ADB8536009B8952 /* QuestionData.swift */,
			);
			path = Data;
			sourceTree = "<group>";
		};
		BC79630D2AF710CF002FDEC0 /* soundAssets */ = {
			isa = PBXGroup;
			children = (
				BC7963162AF71C7B002FDEC0 /* timeEnding.mp3 */,
				BC7963142AF71B3B002FDEC0 /* timer.mp3 */,
				BC79630E2AF71131002FDEC0 /* corrrect.mp3 */,
				BC79630F2AF71131002FDEC0 /* incorrect.mp3 */,
				BC7963102AF71131002FDEC0 /* quizEnd.mp3 */,
			);
			path = soundAssets;
			sourceTree = "<group>";
		};
/* End PBXGroup section */

/* Begin PBXNativeTarget section */
		8FF245E02ADB810F009B8952 /* ogre */ = {
			isa = PBXNativeTarget;
			buildConfigurationList = 8FF245EF2ADB8111009B8952 /* Build configuration list for PBXNativeTarget "ogre" */;
			buildPhases = (
				8FF245DD2ADB810F009B8952 /* Sources */,
				8FF245DE2ADB810F009B8952 /* Frameworks */,
				8FF245DF2ADB810F009B8952 /* Resources */,
			);
			buildRules = (
			);
			dependencies = (
			);
			name = ogre;
			packageProductDependencies = (
				8FF245F32ADB83CB009B8952 /* FirebaseAnalytics */,
				8FF245F72ADB83CB009B8952 /* FirebaseAnalyticsSwift */,
				8FF246052ADB83CB009B8952 /* FirebaseDatabase */,
				8FF246072ADB83CB009B8952 /* FirebaseDatabaseSwift */,
				8FB198B22ADC2587008695A0 /* FirebaseAuth */,
				8FB198B42ADC2656008695A0 /* FirebaseFirestore */,
				8FB198B62ADC2656008695A0 /* FirebaseFirestoreSwift */,
				8FB198B92ADC2890008695A0 /* GoogleSignIn */,
				8FB198BB2ADC2890008695A0 /* GoogleSignInSwift */,
				8FB198CA2ADC3CE1008695A0 /* FirebaseAuthCombine-Community */,
				8FB198CC2ADC3CE1008695A0 /* FirebaseFirestoreCombine-Community */,
				8FB198CE2ADC3CE1008695A0 /* FirebaseFunctionsCombine-Community */,
			);
			productName = ogre;
			productReference = 8FF245E12ADB810F009B8952 /* ogre.app */;
			productType = "com.apple.product-type.application";
		};
/* End PBXNativeTarget section */

/* Begin PBXProject section */
		8FF245D92ADB810F009B8952 /* Project object */ = {
			isa = PBXProject;
			attributes = {
				BuildIndependentTargetsInParallel = 1;
				LastSwiftUpdateCheck = 1500;
				LastUpgradeCheck = 1500;
				TargetAttributes = {
					8FF245E02ADB810F009B8952 = {
						CreatedOnToolsVersion = 15.0;
					};
				};
			};
			buildConfigurationList = 8FF245DC2ADB810F009B8952 /* Build configuration list for PBXProject "ogre" */;
			compatibilityVersion = "Xcode 14.0";
			developmentRegion = en;
			hasScannedForEncodings = 0;
			knownRegions = (
				en,
				Base,
			);
			mainGroup = 8FF245D82ADB810F009B8952;
			packageReferences = (
				8FF245F22ADB83CB009B8952 /* XCRemoteSwiftPackageReference "firebase-ios-sdk" */,
				8FB198B82ADC2890008695A0 /* XCRemoteSwiftPackageReference "GoogleSignIn-iOS" */,
			);
			productRefGroup = 8FF245E22ADB810F009B8952 /* Products */;
			projectDirPath = "";
			projectRoot = "";
			targets = (
				8FF245E02ADB810F009B8952 /* ogre */,
			);
		};
/* End PBXProject section */

/* Begin PBXResourcesBuildPhase section */
		8FF245DF2ADB810F009B8952 /* Resources */ = {
			isa = PBXResourcesBuildPhase;
			buildActionMask = 2147483647;
			files = (
				BC7963172AF71C7B002FDEC0 /* timeEnding.mp3 in Resources */,
				BC4464FC2AF843E7002D4477 /* GoogleService-Info.plist in Resources */,
				BC7963122AF71131002FDEC0 /* incorrect.mp3 in Resources */,
				8FF245EC2ADB8111009B8952 /* Preview Assets.xcassets in Resources */,
				BC7963152AF71B3B002FDEC0 /* timer.mp3 in Resources */,
				8FF245E92ADB8111009B8952 /* Assets.xcassets in Resources */,
				BC7963132AF71131002FDEC0 /* quizEnd.mp3 in Resources */,
				BC7963112AF71131002FDEC0 /* corrrect.mp3 in Resources */,
			);
			runOnlyForDeploymentPostprocessing = 0;
		};
/* End PBXResourcesBuildPhase section */

/* Begin PBXSourcesBuildPhase section */
		8FF245DD2ADB810F009B8952 /* Sources */ = {
			isa = PBXSourcesBuildPhase;
			buildActionMask = 2147483647;
			files = (
				8FB198AE2ADC015E008695A0 /* CategorySelector.swift in Sources */,
				8FF2463A2ADB8536009B8952 /* QuestionData.swift in Sources */,
				8FF246382ADB8526009B8952 /* AnswerButton.swift in Sources */,
				8FE15D302ADCBDA100C11B36 /* OnboardingView.swift in Sources */,
				8FF246302ADB84D4009B8952 /* QuestionView.swift in Sources */,
				8FE15D192ADCAED200C11B36 /* QuizView.swift in Sources */,
				8FE15D2E2ADCBD8100C11B36 /* InitiQuesView.swift in Sources */,
				8FF2462E2ADB84C8009B8952 /* ProfileView.swift in Sources */,
				8FF246342ADB8503009B8952 /* PagingSlider.swift in Sources */,
				8FF245E72ADB810F009B8952 /* MainMenuView.swift in Sources */,
				8FE15D212ADCB20B00C11B36 /* LaunchQuestionsView.swift in Sources */,
				BC79630C2AF70754002FDEC0 /* Sounds.swift in Sources */,
				8FB198C52ADC3C24008695A0 /* LoginView.swift in Sources */,
				8FB198D32ADC3DC1008695A0 /* UIApplication+RootViewController.swift in Sources */,
				8FB198C72ADC3C4F008695A0 /* SignupView.swift in Sources */,
				8FE15D1D2ADCB1F600C11B36 /* AnswerRow.swift in Sources */,
				8FB198C02ADC3AA5008695A0 /* AuthenticationViewModel.swift in Sources */,
				8FE15D272ADCB21700C11B36 /* ProgressBar.swift in Sources */,
				8FB198C92ADC3C74008695A0 /* UserProfileView.swift in Sources */,
				221198742AF22E06005FDCA7 /* PostQuizScreen.swift in Sources */,
				8FE15D322ADCE3BA00C11B36 /* Extensions.swift in Sources */,
				221198722AF21415005FDCA7 /* PracticeQuestionView.swift in Sources */,
				8FE15D342ADCE3C500C11B36 /* QuizManager.swift in Sources */,
				8FE15D1F2ADCB1FF00C11B36 /* AnswerButtonView.swift in Sources */,
				8FF2462C2ADB84B9009B8952 /* LeaderboardView.swift in Sources */,
				8FB198C22ADC3B8B008695A0 /* AuthenticationView.swift in Sources */,
				8FF245E52ADB810F009B8952 /* ogreApp.swift in Sources */,
				8FE15D232ADCB20E00C11B36 /* Quiz.swift in Sources */,
				8FE15D2C2ADCBD4300C11B36 /* AnswerInit.swift in Sources */,
				8FE15D1B2ADCB1F200C11B36 /* Answer.swift in Sources */,
				221198702AF122CE005FDCA7 /* TimerView.swift in Sources */,
				8FE15D252ADCB21500C11B36 /* PrimaryButton.swift in Sources */,
				8FB198D12ADC3D6B008695A0 /* AuthenticatedView.swift in Sources */,
				8FF246362ADB8511009B8952 /* TabBar.swift in Sources */,
			);
			runOnlyForDeploymentPostprocessing = 0;
		};
/* End PBXSourcesBuildPhase section */

/* Begin XCBuildConfiguration section */
		8FF245ED2ADB8111009B8952 /* Debug */ = {
			isa = XCBuildConfiguration;
			buildSettings = {
				ALWAYS_SEARCH_USER_PATHS = NO;
				ASSETCATALOG_COMPILER_GENERATE_SWIFT_ASSET_SYMBOL_EXTENSIONS = YES;
				CLANG_ANALYZER_NONNULL = YES;
				CLANG_ANALYZER_NUMBER_OBJECT_CONVERSION = YES_AGGRESSIVE;
				CLANG_CXX_LANGUAGE_STANDARD = "gnu++20";
				CLANG_ENABLE_MODULES = YES;
				CLANG_ENABLE_OBJC_ARC = YES;
				CLANG_ENABLE_OBJC_WEAK = YES;
				CLANG_WARN_BLOCK_CAPTURE_AUTORELEASING = YES;
				CLANG_WARN_BOOL_CONVERSION = YES;
				CLANG_WARN_COMMA = YES;
				CLANG_WARN_CONSTANT_CONVERSION = YES;
				CLANG_WARN_DEPRECATED_OBJC_IMPLEMENTATIONS = YES;
				CLANG_WARN_DIRECT_OBJC_ISA_USAGE = YES_ERROR;
				CLANG_WARN_DOCUMENTATION_COMMENTS = YES;
				CLANG_WARN_EMPTY_BODY = YES;
				CLANG_WARN_ENUM_CONVERSION = YES;
				CLANG_WARN_INFINITE_RECURSION = YES;
				CLANG_WARN_INT_CONVERSION = YES;
				CLANG_WARN_NON_LITERAL_NULL_CONVERSION = YES;
				CLANG_WARN_OBJC_IMPLICIT_RETAIN_SELF = YES;
				CLANG_WARN_OBJC_LITERAL_CONVERSION = YES;
				CLANG_WARN_OBJC_ROOT_CLASS = YES_ERROR;
				CLANG_WARN_QUOTED_INCLUDE_IN_FRAMEWORK_HEADER = YES;
				CLANG_WARN_RANGE_LOOP_ANALYSIS = YES;
				CLANG_WARN_STRICT_PROTOTYPES = YES;
				CLANG_WARN_SUSPICIOUS_MOVE = YES;
				CLANG_WARN_UNGUARDED_AVAILABILITY = YES_AGGRESSIVE;
				CLANG_WARN_UNREACHABLE_CODE = YES;
				CLANG_WARN__DUPLICATE_METHOD_MATCH = YES;
				COPY_PHASE_STRIP = NO;
				DEBUG_INFORMATION_FORMAT = dwarf;
				ENABLE_STRICT_OBJC_MSGSEND = YES;
				ENABLE_TESTABILITY = YES;
				ENABLE_USER_SCRIPT_SANDBOXING = YES;
				GCC_C_LANGUAGE_STANDARD = gnu17;
				GCC_DYNAMIC_NO_PIC = NO;
				GCC_NO_COMMON_BLOCKS = YES;
				GCC_OPTIMIZATION_LEVEL = 0;
				GCC_PREPROCESSOR_DEFINITIONS = (
					"DEBUG=1",
					"$(inherited)",
				);
				GCC_WARN_64_TO_32_BIT_CONVERSION = YES;
				GCC_WARN_ABOUT_RETURN_TYPE = YES_ERROR;
				GCC_WARN_UNDECLARED_SELECTOR = YES;
				GCC_WARN_UNINITIALIZED_AUTOS = YES_AGGRESSIVE;
				GCC_WARN_UNUSED_FUNCTION = YES;
				GCC_WARN_UNUSED_VARIABLE = YES;
				IPHONEOS_DEPLOYMENT_TARGET = 17.0;
				LOCALIZATION_PREFERS_STRING_CATALOGS = YES;
				MTL_ENABLE_DEBUG_INFO = INCLUDE_SOURCE;
				MTL_FAST_MATH = YES;
				ONLY_ACTIVE_ARCH = YES;
				SDKROOT = iphoneos;
				SWIFT_ACTIVE_COMPILATION_CONDITIONS = "DEBUG $(inherited)";
				SWIFT_OPTIMIZATION_LEVEL = "-Onone";
			};
			name = Debug;
		};
		8FF245EE2ADB8111009B8952 /* Release */ = {
			isa = XCBuildConfiguration;
			buildSettings = {
				ALWAYS_SEARCH_USER_PATHS = NO;
				ASSETCATALOG_COMPILER_GENERATE_SWIFT_ASSET_SYMBOL_EXTENSIONS = YES;
				CLANG_ANALYZER_NONNULL = YES;
				CLANG_ANALYZER_NUMBER_OBJECT_CONVERSION = YES_AGGRESSIVE;
				CLANG_CXX_LANGUAGE_STANDARD = "gnu++20";
				CLANG_ENABLE_MODULES = YES;
				CLANG_ENABLE_OBJC_ARC = YES;
				CLANG_ENABLE_OBJC_WEAK = YES;
				CLANG_WARN_BLOCK_CAPTURE_AUTORELEASING = YES;
				CLANG_WARN_BOOL_CONVERSION = YES;
				CLANG_WARN_COMMA = YES;
				CLANG_WARN_CONSTANT_CONVERSION = YES;
				CLANG_WARN_DEPRECATED_OBJC_IMPLEMENTATIONS = YES;
				CLANG_WARN_DIRECT_OBJC_ISA_USAGE = YES_ERROR;
				CLANG_WARN_DOCUMENTATION_COMMENTS = YES;
				CLANG_WARN_EMPTY_BODY = YES;
				CLANG_WARN_ENUM_CONVERSION = YES;
				CLANG_WARN_INFINITE_RECURSION = YES;
				CLANG_WARN_INT_CONVERSION = YES;
				CLANG_WARN_NON_LITERAL_NULL_CONVERSION = YES;
				CLANG_WARN_OBJC_IMPLICIT_RETAIN_SELF = YES;
				CLANG_WARN_OBJC_LITERAL_CONVERSION = YES;
				CLANG_WARN_OBJC_ROOT_CLASS = YES_ERROR;
				CLANG_WARN_QUOTED_INCLUDE_IN_FRAMEWORK_HEADER = YES;
				CLANG_WARN_RANGE_LOOP_ANALYSIS = YES;
				CLANG_WARN_STRICT_PROTOTYPES = YES;
				CLANG_WARN_SUSPICIOUS_MOVE = YES;
				CLANG_WARN_UNGUARDED_AVAILABILITY = YES_AGGRESSIVE;
				CLANG_WARN_UNREACHABLE_CODE = YES;
				CLANG_WARN__DUPLICATE_METHOD_MATCH = YES;
				COPY_PHASE_STRIP = NO;
				DEBUG_INFORMATION_FORMAT = "dwarf-with-dsym";
				ENABLE_NS_ASSERTIONS = NO;
				ENABLE_STRICT_OBJC_MSGSEND = YES;
				ENABLE_USER_SCRIPT_SANDBOXING = YES;
				GCC_C_LANGUAGE_STANDARD = gnu17;
				GCC_NO_COMMON_BLOCKS = YES;
				GCC_WARN_64_TO_32_BIT_CONVERSION = YES;
				GCC_WARN_ABOUT_RETURN_TYPE = YES_ERROR;
				GCC_WARN_UNDECLARED_SELECTOR = YES;
				GCC_WARN_UNINITIALIZED_AUTOS = YES_AGGRESSIVE;
				GCC_WARN_UNUSED_FUNCTION = YES;
				GCC_WARN_UNUSED_VARIABLE = YES;
				IPHONEOS_DEPLOYMENT_TARGET = 17.0;
				LOCALIZATION_PREFERS_STRING_CATALOGS = YES;
				MTL_ENABLE_DEBUG_INFO = NO;
				MTL_FAST_MATH = YES;
				SDKROOT = iphoneos;
				SWIFT_COMPILATION_MODE = wholemodule;
				VALIDATE_PRODUCT = YES;
			};
			name = Release;
		};
		8FF245F02ADB8111009B8952 /* Debug */ = {
			isa = XCBuildConfiguration;
			buildSettings = {
				ASSETCATALOG_COMPILER_APPICON_NAME = AppIcon;
				ASSETCATALOG_COMPILER_GLOBAL_ACCENT_COLOR_NAME = AccentColor;
				CODE_SIGN_STYLE = Automatic;
				CURRENT_PROJECT_VERSION = 1;
				DEVELOPMENT_ASSET_PATHS = "\"ogre/Preview Content\"";
				DEVELOPMENT_TEAM = FVN852K4TF;
				ENABLE_PREVIEWS = YES;
				GENERATE_INFOPLIST_FILE = YES;
				INFOPLIST_FILE = ogre/Info.plist;
				INFOPLIST_KEY_CFBundleDisplayName = OGRE;
				INFOPLIST_KEY_LSApplicationCategoryType = "public.app-category.education";
				INFOPLIST_KEY_UIApplicationSceneManifest_Generation = YES;
				INFOPLIST_KEY_UIApplicationSupportsIndirectInputEvents = YES;
				INFOPLIST_KEY_UILaunchScreen_Generation = YES;
				INFOPLIST_KEY_UISupportedInterfaceOrientations_iPad = "UIInterfaceOrientationPortrait UIInterfaceOrientationPortraitUpsideDown UIInterfaceOrientationLandscapeLeft UIInterfaceOrientationLandscapeRight";
				INFOPLIST_KEY_UISupportedInterfaceOrientations_iPhone = "UIInterfaceOrientationPortrait UIInterfaceOrientationLandscapeLeft UIInterfaceOrientationLandscapeRight";
				LD_RUNPATH_SEARCH_PATHS = (
					"$(inherited)",
					"@executable_path/Frameworks",
				);
				MARKETING_VERSION = 1.0;
				PRODUCT_BUNDLE_IDENTIFIER = com.teamfive.ogre;
				PRODUCT_NAME = "$(TARGET_NAME)";
				SUPPORTED_PLATFORMS = "iphoneos iphonesimulator";
				SUPPORTS_MACCATALYST = NO;
				SUPPORTS_MAC_DESIGNED_FOR_IPHONE_IPAD = NO;
				SWIFT_EMIT_LOC_STRINGS = YES;
				SWIFT_VERSION = 5.0;
				TARGETED_DEVICE_FAMILY = 1;
			};
			name = Debug;
		};
		8FF245F12ADB8111009B8952 /* Release */ = {
			isa = XCBuildConfiguration;
			buildSettings = {
				ASSETCATALOG_COMPILER_APPICON_NAME = AppIcon;
				ASSETCATALOG_COMPILER_GLOBAL_ACCENT_COLOR_NAME = AccentColor;
				CODE_SIGN_STYLE = Automatic;
				CURRENT_PROJECT_VERSION = 1;
				DEVELOPMENT_ASSET_PATHS = "\"ogre/Preview Content\"";
				DEVELOPMENT_TEAM = FVN852K4TF;
				ENABLE_PREVIEWS = YES;
				GENERATE_INFOPLIST_FILE = YES;
				INFOPLIST_FILE = ogre/Info.plist;
				INFOPLIST_KEY_CFBundleDisplayName = OGRE;
				INFOPLIST_KEY_LSApplicationCategoryType = "public.app-category.education";
				INFOPLIST_KEY_UIApplicationSceneManifest_Generation = YES;
				INFOPLIST_KEY_UIApplicationSupportsIndirectInputEvents = YES;
				INFOPLIST_KEY_UILaunchScreen_Generation = YES;
				INFOPLIST_KEY_UISupportedInterfaceOrientations_iPad = "UIInterfaceOrientationPortrait UIInterfaceOrientationPortraitUpsideDown UIInterfaceOrientationLandscapeLeft UIInterfaceOrientationLandscapeRight";
				INFOPLIST_KEY_UISupportedInterfaceOrientations_iPhone = "UIInterfaceOrientationPortrait UIInterfaceOrientationLandscapeLeft UIInterfaceOrientationLandscapeRight";
				LD_RUNPATH_SEARCH_PATHS = (
					"$(inherited)",
					"@executable_path/Frameworks",
				);
				MARKETING_VERSION = 1.0;
				PRODUCT_BUNDLE_IDENTIFIER = com.teamfive.ogre;
				PRODUCT_NAME = "$(TARGET_NAME)";
				SUPPORTED_PLATFORMS = "iphoneos iphonesimulator";
				SUPPORTS_MACCATALYST = NO;
				SUPPORTS_MAC_DESIGNED_FOR_IPHONE_IPAD = NO;
				SWIFT_EMIT_LOC_STRINGS = YES;
				SWIFT_VERSION = 5.0;
				TARGETED_DEVICE_FAMILY = 1;
			};
			name = Release;
		};
/* End XCBuildConfiguration section */

/* Begin XCConfigurationList section */
		8FF245DC2ADB810F009B8952 /* Build configuration list for PBXProject "ogre" */ = {
			isa = XCConfigurationList;
			buildConfigurations = (
				8FF245ED2ADB8111009B8952 /* Debug */,
				8FF245EE2ADB8111009B8952 /* Release */,
			);
			defaultConfigurationIsVisible = 0;
			defaultConfigurationName = Release;
		};
		8FF245EF2ADB8111009B8952 /* Build configuration list for PBXNativeTarget "ogre" */ = {
			isa = XCConfigurationList;
			buildConfigurations = (
				8FF245F02ADB8111009B8952 /* Debug */,
				8FF245F12ADB8111009B8952 /* Release */,
			);
			defaultConfigurationIsVisible = 0;
			defaultConfigurationName = Release;
		};
/* End XCConfigurationList section */

/* Begin XCRemoteSwiftPackageReference section */
		8FB198B82ADC2890008695A0 /* XCRemoteSwiftPackageReference "GoogleSignIn-iOS" */ = {
			isa = XCRemoteSwiftPackageReference;
			repositoryURL = "https://github.com/google/GoogleSignIn-iOS";
			requirement = {
				kind = upToNextMajorVersion;
				minimumVersion = 7.0.0;
			};
		};
		8FF245F22ADB83CB009B8952 /* XCRemoteSwiftPackageReference "firebase-ios-sdk" */ = {
			isa = XCRemoteSwiftPackageReference;
			repositoryURL = "https://github.com/firebase/firebase-ios-sdk";
			requirement = {
				kind = upToNextMajorVersion;
				minimumVersion = 10.16.0;
			};
		};
/* End XCRemoteSwiftPackageReference section */

/* Begin XCSwiftPackageProductDependency section */
		8FB198B22ADC2587008695A0 /* FirebaseAuth */ = {
			isa = XCSwiftPackageProductDependency;
			package = 8FF245F22ADB83CB009B8952 /* XCRemoteSwiftPackageReference "firebase-ios-sdk" */;
			productName = FirebaseAuth;
		};
		8FB198B42ADC2656008695A0 /* FirebaseFirestore */ = {
			isa = XCSwiftPackageProductDependency;
			package = 8FF245F22ADB83CB009B8952 /* XCRemoteSwiftPackageReference "firebase-ios-sdk" */;
			productName = FirebaseFirestore;
		};
		8FB198B62ADC2656008695A0 /* FirebaseFirestoreSwift */ = {
			isa = XCSwiftPackageProductDependency;
			package = 8FF245F22ADB83CB009B8952 /* XCRemoteSwiftPackageReference "firebase-ios-sdk" */;
			productName = FirebaseFirestoreSwift;
		};
		8FB198B92ADC2890008695A0 /* GoogleSignIn */ = {
			isa = XCSwiftPackageProductDependency;
			package = 8FB198B82ADC2890008695A0 /* XCRemoteSwiftPackageReference "GoogleSignIn-iOS" */;
			productName = GoogleSignIn;
		};
		8FB198BB2ADC2890008695A0 /* GoogleSignInSwift */ = {
			isa = XCSwiftPackageProductDependency;
			package = 8FB198B82ADC2890008695A0 /* XCRemoteSwiftPackageReference "GoogleSignIn-iOS" */;
			productName = GoogleSignInSwift;
		};
		8FB198CA2ADC3CE1008695A0 /* FirebaseAuthCombine-Community */ = {
			isa = XCSwiftPackageProductDependency;
			package = 8FF245F22ADB83CB009B8952 /* XCRemoteSwiftPackageReference "firebase-ios-sdk" */;
			productName = "FirebaseAuthCombine-Community";
		};
		8FB198CC2ADC3CE1008695A0 /* FirebaseFirestoreCombine-Community */ = {
			isa = XCSwiftPackageProductDependency;
			package = 8FF245F22ADB83CB009B8952 /* XCRemoteSwiftPackageReference "firebase-ios-sdk" */;
			productName = "FirebaseFirestoreCombine-Community";
		};
		8FB198CE2ADC3CE1008695A0 /* FirebaseFunctionsCombine-Community */ = {
			isa = XCSwiftPackageProductDependency;
			package = 8FF245F22ADB83CB009B8952 /* XCRemoteSwiftPackageReference "firebase-ios-sdk" */;
			productName = "FirebaseFunctionsCombine-Community";
		};
		8FF245F32ADB83CB009B8952 /* FirebaseAnalytics */ = {
			isa = XCSwiftPackageProductDependency;
			package = 8FF245F22ADB83CB009B8952 /* XCRemoteSwiftPackageReference "firebase-ios-sdk" */;
			productName = FirebaseAnalytics;
		};
		8FF245F72ADB83CB009B8952 /* FirebaseAnalyticsSwift */ = {
			isa = XCSwiftPackageProductDependency;
			package = 8FF245F22ADB83CB009B8952 /* XCRemoteSwiftPackageReference "firebase-ios-sdk" */;
			productName = FirebaseAnalyticsSwift;
		};
		8FF246052ADB83CB009B8952 /* FirebaseDatabase */ = {
			isa = XCSwiftPackageProductDependency;
			package = 8FF245F22ADB83CB009B8952 /* XCRemoteSwiftPackageReference "firebase-ios-sdk" */;
			productName = FirebaseDatabase;
		};
		8FF246072ADB83CB009B8952 /* FirebaseDatabaseSwift */ = {
			isa = XCSwiftPackageProductDependency;
			package = 8FF245F22ADB83CB009B8952 /* XCRemoteSwiftPackageReference "firebase-ios-sdk" */;
			productName = FirebaseDatabaseSwift;
		};
/* End XCSwiftPackageProductDependency section */
	};
	rootObject = 8FF245D92ADB810F009B8952 /* Project object */;
}
